
Microsoft Visual Studio Solution File, Format Version 12.00
# Visual Studio Version 17
VisualStudioVersion = 17.14.36401.2
MinimumVisualStudioVersion = 10.0.40219.1
Project("{FAE04EC0-301F-11D3-BF4B-00C04F79EFBC}") = "Demo", "Demo\Demo.csproj", "{226C8511-9732-41CA-A4D3-9E4183D3B3E5}"
EndProject
Project("{FAE04EC0-301F-11D3-BF4B-00C04F79EFBC}") = "MultidimensionalArrayIndexer", "MultidimensionalArrayIndexer\MultidimensionalArrayIndexer.csproj", "{E8163865-82AD-4F56-8A82-9521BE227D0A}"
EndProject
Project("{FAE04EC0-301F-11D3-BF4B-00C04F79EFBC}") = "BrainfuckSharp", "BrainfuckSharp\BrainfuckSharp.csproj", "{03C2A111-A3E3-43AA-8AFC-9826A34F90E9}"
EndProject
Global
	GlobalSection(SolutionConfigurationPlatforms) = preSolution
		Debug|Any CPU = Debug|Any CPU
		Release|Any CPU = Release|Any CPU
	EndGlobalSection
	GlobalSection(ProjectConfigurationPlatforms) = postSolution
		{226C8511-9732-41CA-A4D3-9E4183D3B3E5}.Debug|Any CPU.ActiveCfg = Debug|Any CPU
		{226C8511-9732-41CA-A4D3-9E4183D3B3E5}.Debug|Any CPU.Build.0 = Debug|Any CPU
		{226C8511-9732-41CA-A4D3-9E4183D3B3E5}.Release|Any CPU.ActiveCfg = Release|Any CPU
		{226C8511-9732-41CA-A4D3-9E4183D3B3E5}.Release|Any CPU.Build.0 = Release|Any CPU
		{E8163865-82AD-4F56-8A82-9521BE227D0A}.Debug|Any CPU.ActiveCfg = Debug|Any CPU
		{E8163865-82AD-4F56-8A82-9521BE227D0A}.Debug|Any CPU.Build.0 = Debug|Any CPU
		{E8163865-82AD-4F56-8A82-9521BE227D0A}.Release|Any CPU.ActiveCfg = Release|Any CPU
		{E8163865-82AD-4F56-8A82-9521BE227D0A}.Release|Any CPU.Build.0 = Release|Any CPU
		{03C2A111-A3E3-43AA-8AFC-9826A34F90E9}.Debug|Any CPU.ActiveCfg = Debug|Any CPU
		{03C2A111-A3E3-43AA-8AFC-9826A34F90E9}.Debug|Any CPU.Build.0 = Debug|Any CPU
		{03C2A111-A3E3-43AA-8AFC-9826A34F90E9}.Release|Any CPU.ActiveCfg = Release|Any CPU
		{03C2A111-A3E3-43AA-8AFC-9826A34F90E9}.Release|Any CPU.Build.0 = Release|Any CPU
	EndGlobalSection
	GlobalSection(SolutionProperties) = preSolution
		HideSolutionNode = FALSE
	EndGlobalSection
	GlobalSection(ExtensibilityGlobals) = postSolution
		SolutionGuid = {DE66483F-7789-413A-A0C6-8A960FDC3D17}
	EndGlobalSection
EndGlobal
